// !$*UTF8*$!
{
	archiveVersion = 1;
	classes = {
	};
	objectVersion = 46;
	objects = {

/* Begin PBXBuildFile section */
		529B51901957E38800817767 /* Foundation.framework in Frameworks */ = {isa = PBXBuildFile; fileRef = 529B518F1957E38800817767 /* Foundation.framework */; };
		529B51921957E38800817767 /* CoreGraphics.framework in Frameworks */ = {isa = PBXBuildFile; fileRef = 529B51911957E38800817767 /* CoreGraphics.framework */; };
		529B51941957E38800817767 /* UIKit.framework in Frameworks */ = {isa = PBXBuildFile; fileRef = 529B51931957E38800817767 /* UIKit.framework */; };
		529B519A1957E38800817767 /* InfoPlist.strings in Resources */ = {isa = PBXBuildFile; fileRef = 529B51981957E38800817767 /* InfoPlist.strings */; };
		529B519C1957E38800817767 /* main.m in Sources */ = {isa = PBXBuildFile; fileRef = 529B519B1957E38800817767 /* main.m */; };
		529B51A01957E38800817767 /* AppDelegate.m in Sources */ = {isa = PBXBuildFile; fileRef = 529B519F1957E38800817767 /* AppDelegate.m */; };
		529B51A21957E38800817767 /* Images.xcassets in Resources */ = {isa = PBXBuildFile; fileRef = 529B51A11957E38800817767 /* Images.xcassets */; };
		529B51A91957E38800817767 /* XCTest.framework in Frameworks */ = {isa = PBXBuildFile; fileRef = 529B51A81957E38800817767 /* XCTest.framework */; };
		529B51AA1957E38800817767 /* Foundation.framework in Frameworks */ = {isa = PBXBuildFile; fileRef = 529B518F1957E38800817767 /* Foundation.framework */; };
		529B51AB1957E38800817767 /* UIKit.framework in Frameworks */ = {isa = PBXBuildFile; fileRef = 529B51931957E38800817767 /* UIKit.framework */; };
		529B51B31957E38800817767 /* InfoPlist.strings in Resources */ = {isa = PBXBuildFile; fileRef = 529B51B11957E38800817767 /* InfoPlist.strings */; };
		529B51B51957E38800817767 /* Paper_MockTests.m in Sources */ = {isa = PBXBuildFile; fileRef = 529B51B41957E38800817767 /* Paper_MockTests.m */; };
		529B51C11957E52800817767 /* FeedViewController.m in Sources */ = {isa = PBXBuildFile; fileRef = 529B51BF1957E52800817767 /* FeedViewController.m */; };
		529B51C21957E52800817767 /* FeedViewController.xib in Resources */ = {isa = PBXBuildFile; fileRef = 529B51C01957E52800817767 /* FeedViewController.xib */; };
/* End PBXBuildFile section */

/* Begin PBXContainerItemProxy section */
		529B51AC1957E38800817767 /* PBXContainerItemProxy */ = {
			isa = PBXContainerItemProxy;
			containerPortal = 529B51841957E38800817767 /* Project object */;
			proxyType = 1;
			remoteGlobalIDString = 529B518B1957E38800817767;
			remoteInfo = "Paper Mock";
		};
/* End PBXContainerItemProxy section */

/* Begin PBXFileReference section */
		529B518C1957E38800817767 /* Paper Mock.app */ = {isa = PBXFileReference; explicitFileType = wrapper.application; includeInIndex = 0; path = "Paper Mock.app"; sourceTree = BUILT_PRODUCTS_DIR; };
		529B518F1957E38800817767 /* Foundation.framework */ = {isa = PBXFileReference; lastKnownFileType = wrapper.framework; name = Foundation.framework; path = System/Library/Frameworks/Foundation.framework; sourceTree = SDKROOT; };
		529B51911957E38800817767 /* CoreGraphics.framework */ = {isa = PBXFileReference; lastKnownFileType = wrapper.framework; name = CoreGraphics.framework; path = System/Library/Frameworks/CoreGraphics.framework; sourceTree = SDKROOT; };
		529B51931957E38800817767 /* UIKit.framework */ = {isa = PBXFileReference; lastKnownFileType = wrapper.framework; name = UIKit.framework; path = System/Library/Frameworks/UIKit.framework; sourceTree = SDKROOT; };
		529B51971957E38800817767 /* Paper Mock-Info.plist */ = {isa = PBXFileReference; lastKnownFileType = text.plist.xml; path = "Paper Mock-Info.plist"; sourceTree = "<group>"; };
		529B51991957E38800817767 /* en */ = {isa = PBXFileReference; lastKnownFileType = text.plist.strings; name = en; path = en.lproj/InfoPlist.strings; sourceTree = "<group>"; };
		529B519B1957E38800817767 /* main.m */ = {isa = PBXFileReference; lastKnownFileType = sourcecode.c.objc; path = main.m; sourceTree = "<group>"; };
		529B519D1957E38800817767 /* Paper Mock-Prefix.pch */ = {isa = PBXFileReference; lastKnownFileType = sourcecode.c.h; path = "Paper Mock-Prefix.pch"; sourceTree = "<group>"; };
		529B519E1957E38800817767 /* AppDelegate.h */ = {isa = PBXFileReference; lastKnownFileType = sourcecode.c.h; path = AppDelegate.h; sourceTree = "<group>"; };
		529B519F1957E38800817767 /* AppDelegate.m */ = {isa = PBXFileReference; lastKnownFileType = sourcecode.c.objc; path = AppDelegate.m; sourceTree = "<group>"; };
		529B51A11957E38800817767 /* Images.xcassets */ = {isa = PBXFileReference; lastKnownFileType = folder.assetcatalog; path = Images.xcassets; sourceTree = "<group>"; };
		529B51A71957E38800817767 /* Paper MockTests.xctest */ = {isa = PBXFileReference; explicitFileType = wrapper.cfbundle; includeInIndex = 0; path = "Paper MockTests.xctest"; sourceTree = BUILT_PRODUCTS_DIR; };
		529B51A81957E38800817767 /* XCTest.framework */ = {isa = PBXFileReference; lastKnownFileType = wrapper.framework; name = XCTest.framework; path = Library/Frameworks/XCTest.framework; sourceTree = DEVELOPER_DIR; };
		529B51B01957E38800817767 /* Paper MockTests-Info.plist */ = {isa = PBXFileReference; lastKnownFileType = text.plist.xml; path = "Paper MockTests-Info.plist"; sourceTree = "<group>"; };
		529B51B21957E38800817767 /* en */ = {isa = PBXFileReference; lastKnownFileType = text.plist.strings; name = en; path = en.lproj/InfoPlist.strings; sourceTree = "<group>"; };
		529B51B41957E38800817767 /* Paper_MockTests.m */ = {isa = PBXFileReference; lastKnownFileType = sourcecode.c.objc; path = Paper_MockTests.m; sourceTree = "<group>"; };
		529B51BE1957E52800817767 /* FeedViewController.h */ = {isa = PBXFileReference; fileEncoding = 4; lastKnownFileType = sourcecode.c.h; path = FeedViewController.h; sourceTree = "<group>"; };
		529B51BF1957E52800817767 /* FeedViewController.m */ = {isa = PBXFileReference; fileEncoding = 4; lastKnownFileType = sourcecode.c.objc; path = FeedViewController.m; sourceTree = "<group>"; };
		529B51C01957E52800817767 /* FeedViewController.xib */ = {isa = PBXFileReference; fileEncoding = 4; lastKnownFileType = file.xib; path = FeedViewController.xib; sourceTree = "<group>"; };
/* End PBXFileReference section */

/* Begin PBXFrameworksBuildPhase section */
		529B51891957E38800817767 /* Frameworks */ = {
			isa = PBXFrameworksBuildPhase;
			buildActionMask = 2147483647;
			files = (
				529B51921957E38800817767 /* CoreGraphics.framework in Frameworks */,
				529B51941957E38800817767 /* UIKit.framework in Frameworks */,
				529B51901957E38800817767 /* Foundation.framework in Frameworks */,
			);
			runOnlyForDeploymentPostprocessing = 0;
		};
		529B51A41957E38800817767 /* Frameworks */ = {
			isa = PBXFrameworksBuildPhase;
			buildActionMask = 2147483647;
			files = (
				529B51A91957E38800817767 /* XCTest.framework in Frameworks */,
				529B51AB1957E38800817767 /* UIKit.framework in Frameworks */,
				529B51AA1957E38800817767 /* Foundation.framework in Frameworks */,
			);
			runOnlyForDeploymentPostprocessing = 0;
		};
/* End PBXFrameworksBuildPhase section */

/* Begin PBXGroup section */
		529B51831957E38800817767 = {
			isa = PBXGroup;
			children = (
				529B51951957E38800817767 /* Paper Mock */,
				529B51AE1957E38800817767 /* Paper MockTests */,
				529B518E1957E38800817767 /* Frameworks */,
				529B518D1957E38800817767 /* Products */,
			);
			sourceTree = "<group>";
		};
		529B518D1957E38800817767 /* Products */ = {
			isa = PBXGroup;
			children = (
				529B518C1957E38800817767 /* Paper Mock.app */,
				529B51A71957E38800817767 /* Paper MockTests.xctest */,
			);
			name = Products;
			sourceTree = "<group>";
		};
		529B518E1957E38800817767 /* Frameworks */ = {
			isa = PBXGroup;
			children = (
				529B518F1957E38800817767 /* Foundation.framework */,
				529B51911957E38800817767 /* CoreGraphics.framework */,
				529B51931957E38800817767 /* UIKit.framework */,
				529B51A81957E38800817767 /* XCTest.framework */,
			);
			name = Frameworks;
			sourceTree = "<group>";
		};
		529B51951957E38800817767 /* Paper Mock */ = {
			isa = PBXGroup;
			children = (
				529B519E1957E38800817767 /* AppDelegate.h */,
				529B519F1957E38800817767 /* AppDelegate.m */,
				529B51A11957E38800817767 /* Images.xcassets */,
				529B51BE1957E52800817767 /* FeedViewController.h */,
				529B51BF1957E52800817767 /* FeedViewController.m */,
				529B51C01957E52800817767 /* FeedViewController.xib */,
				529B51961957E38800817767 /* Supporting Files */,
			);
			path = "Paper Mock";
			sourceTree = "<group>";
		};
		529B51961957E38800817767 /* Supporting Files */ = {
			isa = PBXGroup;
			children = (
				529B51971957E38800817767 /* Paper Mock-Info.plist */,
				529B51981957E38800817767 /* InfoPlist.strings */,
				529B519B1957E38800817767 /* main.m */,
				529B519D1957E38800817767 /* Paper Mock-Prefix.pch */,
			);
			name = "Supporting Files";
			sourceTree = "<group>";
		};
		529B51AE1957E38800817767 /* Paper MockTests */ = {
			isa = PBXGroup;
			children = (
				529B51B41957E38800817767 /* Paper_MockTests.m */,
				529B51AF1957E38800817767 /* Supporting Files */,
			);
			path = "Paper MockTests";
			sourceTree = "<group>";
		};
		529B51AF1957E38800817767 /* Supporting Files */ = {
			isa = PBXGroup;
			children = (
				529B51B01957E38800817767 /* Paper MockTests-Info.plist */,
				529B51B11957E38800817767 /* InfoPlist.strings */,
			);
			name = "Supporting Files";
			sourceTree = "<group>";
		};
/* End PBXGroup section */

/* Begin PBXNativeTarget section */
		529B518B1957E38800817767 /* Paper Mock */ = {
			isa = PBXNativeTarget;
			buildConfigurationList = 529B51B81957E38800817767 /* Build configuration list for PBXNativeTarget "Paper Mock" */;
			buildPhases = (
				529B51881957E38800817767 /* Sources */,
				529B51891957E38800817767 /* Frameworks */,
				529B518A1957E38800817767 /* Resources */,
			);
			buildRules = (
			);
			dependencies = (
			);
			name = "Paper Mock";
			productName = "Paper Mock";
			productReference = 529B518C1957E38800817767 /* Paper Mock.app */;
			productType = "com.apple.product-type.application";
		};
		529B51A61957E38800817767 /* Paper MockTests */ = {
			isa = PBXNativeTarget;
			buildConfigurationList = 529B51BB1957E38800817767 /* Build configuration list for PBXNativeTarget "Paper MockTests" */;
			buildPhases = (
				529B51A31957E38800817767 /* Sources */,
				529B51A41957E38800817767 /* Frameworks */,
				529B51A51957E38800817767 /* Resources */,
			);
			buildRules = (
			);
			dependencies = (
				529B51AD1957E38800817767 /* PBXTargetDependency */,
			);
			name = "Paper MockTests";
			productName = "Paper MockTests";
			productReference = 529B51A71957E38800817767 /* Paper MockTests.xctest */;
			productType = "com.apple.product-type.bundle.unit-test";
		};
/* End PBXNativeTarget section */

/* Begin PBXProject section */
		529B51841957E38800817767 /* Project object */ = {
			isa = PBXProject;
			attributes = {
				LastUpgradeCheck = 0510;
				ORGANIZATIONNAME = "Gwen Brinsmead";
				TargetAttributes = {
					529B51A61957E38800817767 = {
						TestTargetID = 529B518B1957E38800817767;
					};
				};
			};
			buildConfigurationList = 529B51871957E38800817767 /* Build configuration list for PBXProject "Paper Mock" */;
			compatibilityVersion = "Xcode 3.2";
			developmentRegion = English;
			hasScannedForEncodings = 0;
			knownRegions = (
				en,
			);
			mainGroup = 529B51831957E38800817767;
			productRefGroup = 529B518D1957E38800817767 /* Products */;
			projectDirPath = "";
			projectRoot = "";
			targets = (
				529B518B1957E38800817767 /* Paper Mock */,
				529B51A61957E38800817767 /* Paper MockTests */,
			);
		};
/* End PBXProject section */

/* Begin PBXResourcesBuildPhase section */
		529B518A1957E38800817767 /* Resources */ = {
			isa = PBXResourcesBuildPhase;
			buildActionMask = 2147483647;
			files = (
				529B519A1957E38800817767 /* InfoPlist.strings in Resources */,
				529B51C21957E52800817767 /* FeedViewController.xib in Resources */,
				529B51A21957E38800817767 /* Images.xcassets in Resources */,
			);
			runOnlyForDeploymentPostprocessing = 0;
		};
		529B51A51957E38800817767 /* Resources */ = {
			isa = PBXResourcesBuildPhase;
			buildActionMask = 2147483647;
			files = (
				529B51B31957E38800817767 /* InfoPlist.strings in Resources */,
			);
			runOnlyForDeploymentPostprocessing = 0;
		};
/* End PBXResourcesBuildPhase section */

/* Begin PBXSourcesBuildPhase section */
		529B51881957E38800817767 /* Sources */ = {
			isa = PBXSourcesBuildPhase;
			buildActionMask = 2147483647;
			files = (
				529B51A01957E38800817767 /* AppDelegate.m in Sources */,
				529B51C11957E52800817767 /* FeedViewController.m in Sources */,
				529B519C1957E38800817767 /* main.m in Sources */,
			);
			runOnlyForDeploymentPostprocessing = 0;
		};
		529B51A31957E38800817767 /* Sources */ = {
			isa = PBXSourcesBuildPhase;
			buildActionMask = 2147483647;
			files = (
				529B51B51957E38800817767 /* Paper_MockTests.m in Sources */,
			);
			runOnlyForDeploymentPostprocessing = 0;
		};
/* End PBXSourcesBuildPhase section */

/* Begin PBXTargetDependency section */
		529B51AD1957E38800817767 /* PBXTargetDependency */ = {
			isa = PBXTargetDependency;
			target = 529B518B1957E38800817767 /* Paper Mock */;
			targetProxy = 529B51AC1957E38800817767 /* PBXContainerItemProxy */;
		};
/* End PBXTargetDependency section */

/* Begin PBXVariantGroup section */
		529B51981957E38800817767 /* InfoPlist.strings */ = {
			isa = PBXVariantGroup;
			children = (
				529B51991957E38800817767 /* en */,
			);
			name = InfoPlist.strings;
			sourceTree = "<group>";
		};
		529B51B11957E38800817767 /* InfoPlist.strings */ = {
			isa = PBXVariantGroup;
			children = (
				529B51B21957E38800817767 /* en */,
			);
			name = InfoPlist.strings;
			sourceTree = "<group>";
		};
/* End PBXVariantGroup section */

/* Begin XCBuildConfiguration section */
		529B51B61957E38800817767 /* Debug */ = {
			isa = XCBuildConfiguration;
			buildSettings = {
				ALWAYS_SEARCH_USER_PATHS = NO;
				CLANG_CXX_LANGUAGE_STANDARD = "gnu++0x";
				CLANG_CXX_LIBRARY = "libc++";
				CLANG_ENABLE_MODULES = YES;
				CLANG_ENABLE_OBJC_ARC = YES;
				CLANG_WARN_BOOL_CONVERSION = YES;
				CLANG_WARN_CONSTANT_CONVERSION = YES;
				CLANG_WARN_DIRECT_OBJC_ISA_USAGE = YES_ERROR;
				CLANG_WARN_EMPTY_BODY = YES;
				CLANG_WARN_ENUM_CONVERSION = YES;
				CLANG_WARN_INT_CONVERSION = YES;
				CLANG_WARN_OBJC_ROOT_CLASS = YES_ERROR;
				CLANG_WARN__DUPLICATE_METHOD_MATCH = YES;
				"CODE_SIGN_IDENTITY[sdk=iphoneos*]" = "iPhone Developer";
				COPY_PHASE_STRIP = NO;
				GCC_C_LANGUAGE_STANDARD = gnu99;
				GCC_DYNAMIC_NO_PIC = NO;
				GCC_OPTIMIZATION_LEVEL = 0;
				GCC_PREPROCESSOR_DEFINITIONS = (
					"DEBUG=1",
					"$(inherited)",
				);
				GCC_SYMBOLS_PRIVATE_EXTERN = NO;
				GCC_WARN_64_TO_32_BIT_CONVERSION = YES;
				GCC_WARN_ABOUT_RETURN_TYPE = YES_ERROR;
				GCC_WARN_UNDECLARED_SELECTOR = YES;
				GCC_WARN_UNINITIALIZED_AUTOS = YES_AGGRESSIVE;
				GCC_WARN_UNUSED_FUNCTION = YES;
				GCC_WARN_UNUSED_VARIABLE = YES;
				IPHONEOS_DEPLOYMENT_TARGET = 7.1;
				ONLY_ACTIVE_ARCH = YES;
				SDKROOT = iphoneos;
			};
			name = Debug;
		};
		529B51B71957E38800817767 /* Release */ = {
			isa = XCBuildConfiguration;
			buildSettings = {
				ALWAYS_SEARCH_USER_PATHS = NO;
				CLANG_CXX_LANGUAGE_STANDARD = "gnu++0x";
				CLANG_CXX_LIBRARY = "libc++";
				CLANG_ENABLE_MODULES = YES;
				CLANG_ENABLE_OBJC_ARC = YES;
				CLANG_WARN_BOOL_CONVERSION = YES;
				CLANG_WARN_CONSTANT_CONVERSION = YES;
				CLANG_WARN_DIRECT_OBJC_ISA_USAGE = YES_ERROR;
				CLANG_WARN_EMPTY_BODY = YES;
				CLANG_WARN_ENUM_CONVERSION = YES;
				CLANG_WARN_INT_CONVERSION = YES;
				CLANG_WARN_OBJC_ROOT_CLASS = YES_ERROR;
				CLANG_WARN__DUPLICATE_METHOD_MATCH = YES;
				"CODE_SIGN_IDENTITY[sdk=iphoneos*]" = "iPhone Developer";
				COPY_PHASE_STRIP = YES;
				ENABLE_NS_ASSERTIONS = NO;
				GCC_C_LANGUAGE_STANDARD = gnu99;
				GCC_WARN_64_TO_32_BIT_CONVERSION = YES;
				GCC_WARN_ABOUT_RETURN_TYPE = YES_ERROR;
				GCC_WARN_UNDECLARED_SELECTOR = YES;
				GCC_WARN_UNINITIALIZED_AUTOS = YES_AGGRESSIVE;
				GCC_WARN_UNUSED_FUNCTION = YES;
				GCC_WARN_UNUSED_VARIABLE = YES;
				IPHONEOS_DEPLOYMENT_TARGET = 7.1;
				SDKROOT = iphoneos;
				VALIDATE_PRODUCT = YES;
			};
			name = Release;
		};
		529B51B91957E38800817767 /* Debug */ = {
			isa = XCBuildConfiguration;
			buildSettings = {
				ASSETCATALOG_COMPILER_APPICON_NAME = AppIcon;
				ASSETCATALOG_COMPILER_LAUNCHIMAGE_NAME = LaunchImage;
				GCC_PRECOMPILE_PREFIX_HEADER = YES;
				GCC_PREFIX_HEADER = "Paper Mock/Paper Mock-Prefix.pch";
				INFOPLIST_FILE = "Paper Mock/Paper Mock-Info.plist";
				PRODUCT_NAME = "$(TARGET_NAME)";
				WRAPPER_EXTENSION = app;
			};
			name = Debug;
		};
		529B51BA1957E38800817767 /* Release */ = {
			isa = XCBuildConfiguration;
			buildSettings = {
				ASSETCATALOG_COMPILER_APPICON_NAME = AppIcon;
				ASSETCATALOG_COMPILER_LAUNCHIMAGE_NAME = LaunchImage;
				GCC_PRECOMPILE_PREFIX_HEADER = YES;
				GCC_PREFIX_HEADER = "Paper Mock/Paper Mock-Prefix.pch";
				INFOPLIST_FILE = "Paper Mock/Paper Mock-Info.plist";
				PRODUCT_NAME = "$(TARGET_NAME)";
				WRAPPER_EXTENSION = app;
			};
			name = Release;
		};
		529B51BC1957E38800817767 /* Debug */ = {
			isa = XCBuildConfiguration;
			buildSettings = {
				BUNDLE_LOADER = "$(BUILT_PRODUCTS_DIR)/Paper Mock.app/Paper Mock";
				FRAMEWORK_SEARCH_PATHS = (
					"$(SDKROOT)/Developer/Library/Frameworks",
					"$(inherited)",
					"$(DEVELOPER_FRAMEWORKS_DIR)",
				);
				GCC_PRECOMPILE_PREFIX_HEADER = YES;
				GCC_PREFIX_HEADER = "Paper Mock/Paper Mock-Prefix.pch";
				GCC_PREPROCESSOR_DEFINITIONS = (
					"DEBUG=1",
					"$(inherited)",
				);
				INFOPLIST_FILE = "Paper MockTests/Paper MockTests-Info.plist";
				PRODUCT_NAME = "$(TARGET_NAME)";
				TEST_HOST = "$(BUNDLE_LOADER)";
				WRAPPER_EXTENSION = xctest;
			};
			name = Debug;
		};
		529B51BD1957E38800817767 /* Release */ = {
			isa = XCBuildConfiguration;
			buildSettings = {
				BUNDLE_LOADER = "$(BUILT_PRODUCTS_DIR)/Paper Mock.app/Paper Mock";
				FRAMEWORK_SEARCH_PATHS = (
					"$(SDKROOT)/Developer/Library/Frameworks",
					"$(inherited)",
					"$(DEVELOPER_FRAMEWORKS_DIR)",
				);
				GCC_PRECOMPILE_PREFIX_HEADER = YES;
				GCC_PREFIX_HEADER = "Paper Mock/Paper Mock-Prefix.pch";
				INFOPLIST_FILE = "Paper MockTests/Paper MockTests-Info.plist";
				PRODUCT_NAME = "$(TARGET_NAME)";
				TEST_HOST = "$(BUNDLE_LOADER)";
				WRAPPER_EXTENSION = xctest;
			};
			name = Release;
		};
/* End XCBuildConfiguration section */

/* Begin XCConfigurationList section */
		529B51871957E38800817767 /* Build configuration list for PBXProject "Paper Mock" */ = {
			isa = XCConfigurationList;
			buildConfigurations = (
				529B51B61957E38800817767 /* Debug */,
				529B51B71957E38800817767 /* Release */,
			);
			defaultConfigurationIsVisible = 0;
			defaultConfigurationName = Release;
		};
		529B51B81957E38800817767 /* Build configuration list for PBXNativeTarget "Paper Mock" */ = {
			isa = XCConfigurationList;
			buildConfigurations = (
				529B51B91957E38800817767 /* Debug */,
				529B51BA1957E38800817767 /* Release */,
			);
			defaultConfigurationIsVisible = 0;
		};
		529B51BB1957E38800817767 /* Build configuration list for PBXNativeTarget "Paper MockTests" */ = {
			isa = XCConfigurationList;
			buildConfigurations = (
				529B51BC1957E38800817767 /* Debug */,
				529B51BD1957E38800817767 /* Release */,
			);
			defaultConfigurationIsVisible = 0;
		};
/* End XCConfigurationList section */
	};
	rootObject = 529B51841957E38800817767 /* Project object */;
}
